# This file is autogenerated, do not edit; changes may be undone by the next 'dep ensure'.


[[projects]]
  digest = "1:320e7ead93de9fd2b0e59b50fd92a4d50c1f8ab455d96bc2eb083267453a9709"
  name = "github.com/asaskevich/govalidator"
  packages = ["."]
  pruneopts = "UT"
  revision = "ccb8e960c48f04d6935e72476ae4a51028f9e22f"
  version = "v9"

[[projects]]
  digest = "1:adea5a94903eb4384abef30f3d878dc9ff6b6b5b0722da25b82e5169216dfb61"
  name = "github.com/go-sql-driver/mysql"
  packages = ["."]
  pruneopts = "UT"
  revision = "d523deb1b23d913de5bdada721a6071e71283618"
  version = "v1.4.0"

[[projects]]
  digest = "1:c79fb010be38a59d657c48c6ba1d003a8aa651fa56b579d959d74573b7dff8e1"
  name = "github.com/gorilla/context"
  packages = ["."]
  pruneopts = "UT"
  revision = "08b5f424b9271eedf6f9f0ce86cb9396ed337a42"
  version = "v1.1.1"

[[projects]]
  digest = "1:c6c7d7d1c2a4f9845f37c6f17f83fe1adcb41bebc891b94cd1ef95be1ce6b5e7"
  name = "github.com/gorilla/csrf"
  packages = ["."]
  pruneopts = "UT"
  revision = "05b4a732b984ec326cac085631060968d4706b17"
  version = "v1.5.1"

[[projects]]
  digest = "1:e72d1ebb8d395cf9f346fd9cbc652e5ae222dd85e0ac842dc57f175abed6d195"
  name = "github.com/gorilla/securecookie"
  packages = ["."]
  pruneopts = "UT"
  revision = "e59506cc896acb7f7bf732d4fdf5e25f7ccd8983"
  version = "v1.1.1"

[[projects]]
  digest = "1:0fe783ea0c04c7d13f7c55d8f74b01b17e18a8320e7deecf578b41ef99b27205"
  name = "github.com/gorilla/sessions"
  packages = ["."]
  pruneopts = "UT"
  revision = "03b6f63cc43ef9c7240a635a5e22b13180e822b8"
  version = "v1.1.1"

[[projects]]
  digest = "1:4f2f31064b2690642c8ac1316c09559b205f2d483256b34ad95e0e57edfbcb99"
  name = "github.com/husobee/vestigo"
  packages = ["."]
  pruneopts = "UT"
  revision = "f8f5b5dc2bd74408887fd4b462055e324c4cbd63"
  version = "v1.1.0"

[[projects]]
  branch = "master"
  digest = "1:190c5e190690080a862c97fa65f9f7e275095fd3f25403f62c0c7a94fb627e41"
  name = "github.com/huzhaer/teamlite_core"
  packages = [
    "asset",
    "email",
    "file",
    "flash",
    "form",
    "generate",
    "jsonconfig",
    "passhash",
    "router",
    "server",
    "session",
    "storage",
    "storage/driver/mysql",
    "storage/driver/postgresql",
    "storage/migration",
    "storage/migration/mysql",
    "uuid",
    "view",
    "xsrf",
  ]
  pruneopts = "UT"
  revision = "b971d1b3a57d42016ccb19dafe86194c5aa1d047"

[[projects]]
  branch = "master"
  digest = "1:7654989089e5bd5b6734ec3be8b695e87d3f1f8d95620b343fd7d3995a5b60d7"
  name = "github.com/jmoiron/sqlx"
  packages = [
    ".",
    "reflectx",
  ]
  pruneopts = "UT"
  revision = "0dae4fefe7c0e190f7b5a78dac28a1c82cc8d849"

[[projects]]
  branch = "master"
  digest = "1:e74fa8e635591eb1ad79e8e711bff8bea4e12e9737563daf12af325c6ea206e4"
  name = "github.com/justinas/alice"
  packages = ["."]
  pruneopts = "UT"
  revision = "03f45bd4b7dad4734bc4620e46a35789349abb20"

[[projects]]
  branch = "master"
  digest = "1:37ce7d7d80531b227023331002c0d42b4b4b291a96798c82a049d03a54ba79e4"
  name =
  packages = [
    ".",
    "oid",
  ]
  pruneopts = "UT"
  revision = "90697d60dd844d5ef6ff15135d0203f65d2f53b8"

[[projects]]
  branch = "master"
  digest = "1:92099b08c659e531cec5085ada30b2196fbaba3bddf05d69ac430a16de647a29"
  name = "github.com/liudng/godump"
  packages = ["."]
  pruneopts = "UT"
  revision = "5c7e73aafb211d86ecf8bc9b8e14edf7f15ab5c2"

[[projects]]
  digest = "1:40e195917a951a8bf867cd05de2a46aaf1806c50cf92eebf4c16f78cd196f747"
  name = "github.com/pkg/errors"
  packages = ["."]
  pruneopts = "UT"
  revision = "645ef00459ed84a119197bfb8d8205042c6df63d"
  version = "v0.8.0"

[[projects]]
  branch = "master"
  digest = "1:1ecf2a49df33be51e757d0033d5d51d5f784f35f68e5a38f797b2d3f03357d71"
  name = "golang.org/x/crypto"
  packages = [
    "bcrypt",
    "blowfish",
  ]
  pruneopts = "UT"
  revision = "56440b844dfe139a8ac053f4ecac0b20b79058f4"

[[projects]]
  digest = "1:c25289f43ac4a68d88b02245742347c94f1e108c534dda442188015ff80669b3"
  name = "google.golang.org/appengine"
  packages = ["cloudsql"]
  pruneopts = "UT"
  revision = "b1f26356af11148e710935ed1ac8a7f5702c7612"
  version = "v1.1.0"

[solve-meta]
  analyzer-name = "dep"
  analyzer-version = 1
  input-imports = [
    "github.com/asaskevich/govalidator",
    "github.com/go-sql-driver/mysql",
    "github.com/gorilla/context",
    "github.com/gorilla/csrf",
    "github.com/gorilla/sessions",
    "github.com/huzhaer/teamlite_core/asset",
    "github.com/huzhaer/teamlite_core/email",
    "github.com/huzhaer/teamlite_core/flash",
    "github.com/huzhaer/teamlite_core/form",
    "github.com/huzhaer/teamlite_core/generate",
    "github.com/huzhaer/teamlite_core/jsonconfig",
    "github.com/huzhaer/teamlite_core/passhash",
    "github.com/huzhaer/teamlite_core/router",
    "github.com/huzhaer/teamlite_core/server",
    "github.com/huzhaer/teamlite_core/session",
    "github.com/huzhaer/teamlite_core/storage/driver/mysql",
    "github.com/huzhaer/teamlite_core/storage/migration/mysql",
    "github.com/huzhaer/teamlite_core/view",
    "github.com/huzhaer/teamlite_core/xsrf",
    "github.com/jmoiron/sqlx",
    ,
    "github.com/liudng/godump",
  ]
  solver-name = "gps-cdcl"
  solver-version = 1
